
Microsoft Visual Studio Solution File, Format Version 12.00
# Visual Studio Version 17
VisualStudioVersion = 17.2.32616.157
MinimumVisualStudioVersion = 10.0.40219.1
Project("{FAE04EC0-301F-11D3-BF4B-00C04F79EFBC}") = "CarsOwnersAndParking-CodeFirstEF", "CarsOwnersAndCarpark-CodeFirstEF\CarsOwnersAndParking-CodeFirstEF.csproj", "{40B9CB45-D181-4E1B-A536-D2471F068BD2}"
EndProject
Project("{FAE04EC0-301F-11D3-BF4B-00C04F79EFBC}") = "Infrastructure", "Infrastructure\Infrastructure.csproj", "{191C6F57-BC64-416A-B3A8-6CBB4F201E80}"
EndProject
Global
	GlobalSection(SolutionConfigurationPlatforms) = preSolution
		Debug|Any CPU = Debug|Any CPU
		Release|Any CPU = Release|Any CPU
	EndGlobalSection
	GlobalSection(ProjectConfigurationPlatforms) = postSolution
		{40B9CB45-D181-4E1B-A536-D2471F068BD2}.Debug|Any CPU.ActiveCfg = Debug|Any CPU
		{40B9CB45-D181-4E1B-A536-D2471F068BD2}.Debug|Any CPU.Build.0 = Debug|Any CPU
		{40B9CB45-D181-4E1B-A536-D2471F068BD2}.Release|Any CPU.ActiveCfg = Release|Any CPU
		{40B9CB45-D181-4E1B-A536-D2471F068BD2}.Release|Any CPU.Build.0 = Release|Any CPU
		{191C6F57-BC64-416A-B3A8-6CBB4F201E80}.Debug|Any CPU.ActiveCfg = Debug|Any CPU
		{191C6F57-BC64-416A-B3A8-6CBB4F201E80}.Debug|Any CPU.Build.0 = Debug|Any CPU
		{191C6F57-BC64-416A-B3A8-6CBB4F201E80}.Release|Any CPU.ActiveCfg = Release|Any CPU
		{191C6F57-BC64-416A-B3A8-6CBB4F201E80}.Release|Any CPU.Build.0 = Release|Any CPU
	EndGlobalSection
	GlobalSection(SolutionProperties) = preSolution
		HideSolutionNode = FALSE
	EndGlobalSection
	GlobalSection(ExtensibilityGlobals) = postSolution
		SolutionGuid = {F34FA5B2-ED0D-472B-816A-DF323D9BC490}
	EndGlobalSection
EndGlobal
