
Microsoft Visual Studio Solution File, Format Version 12.00
# Visual Studio Version 17
VisualStudioVersion = 17.2.32616.157
MinimumVisualStudioVersion = 10.0.40219.1
Project("{FAE04EC0-301F-11D3-BF4B-00C04F79EFBC}") = "MusicHub", "MusicHub\MusicHub.csproj", "{7232A87A-4B55-4C45-886B-26389CA00B9A}"
EndProject
Project("{FAE04EC0-301F-11D3-BF4B-00C04F79EFBC}") = "MusicHub.Data.Models", "MusicHub.Data.Models\MusicHub.Data.Models.csproj", "{A175E34B-1A3F-4419-9627-D35F54C1A5BA}"
EndProject
Project("{FAE04EC0-301F-11D3-BF4B-00C04F79EFBC}") = "MusicHub.Data", "MusicHub.Data\MusicHub.Data.csproj", "{89A24807-CBE2-4F7D-8CD2-26502F150647}"
EndProject
Global
	GlobalSection(SolutionConfigurationPlatforms) = preSolution
		Debug|Any CPU = Debug|Any CPU
		Release|Any CPU = Release|Any CPU
	EndGlobalSection
	GlobalSection(ProjectConfigurationPlatforms) = postSolution
		{7232A87A-4B55-4C45-886B-26389CA00B9A}.Debug|Any CPU.ActiveCfg = Debug|Any CPU
		{7232A87A-4B55-4C45-886B-26389CA00B9A}.Debug|Any CPU.Build.0 = Debug|Any CPU
		{7232A87A-4B55-4C45-886B-26389CA00B9A}.Release|Any CPU.ActiveCfg = Release|Any CPU
		{7232A87A-4B55-4C45-886B-26389CA00B9A}.Release|Any CPU.Build.0 = Release|Any CPU
		{A175E34B-1A3F-4419-9627-D35F54C1A5BA}.Debug|Any CPU.ActiveCfg = Debug|Any CPU
		{A175E34B-1A3F-4419-9627-D35F54C1A5BA}.Debug|Any CPU.Build.0 = Debug|Any CPU
		{A175E34B-1A3F-4419-9627-D35F54C1A5BA}.Release|Any CPU.ActiveCfg = Release|Any CPU
		{A175E34B-1A3F-4419-9627-D35F54C1A5BA}.Release|Any CPU.Build.0 = Release|Any CPU
		{89A24807-CBE2-4F7D-8CD2-26502F150647}.Debug|Any CPU.ActiveCfg = Debug|Any CPU
		{89A24807-CBE2-4F7D-8CD2-26502F150647}.Debug|Any CPU.Build.0 = Debug|Any CPU
		{89A24807-CBE2-4F7D-8CD2-26502F150647}.Release|Any CPU.ActiveCfg = Release|Any CPU
		{89A24807-CBE2-4F7D-8CD2-26502F150647}.Release|Any CPU.Build.0 = Release|Any CPU
	EndGlobalSection
	GlobalSection(SolutionProperties) = preSolution
		HideSolutionNode = FALSE
	EndGlobalSection
	GlobalSection(ExtensibilityGlobals) = postSolution
		SolutionGuid = {04D23685-A55F-4284-80D0-CEB07C532270}
	EndGlobalSection
EndGlobal
