
Microsoft Visual Studio Solution File, Format Version 12.00
# Visual Studio Version 17
VisualStudioVersion = 17.2.32616.157
MinimumVisualStudioVersion = 10.0.40219.1
Project("{FAE04EC0-301F-11D3-BF4B-00C04F79EFBC}") = "P01_StudentSystem", "P01_StudentSystem\P01_StudentSystem.csproj", "{5459E316-D609-43C4-900C-F269966693A1}"
EndProject
Project("{FAE04EC0-301F-11D3-BF4B-00C04F79EFBC}") = "P01_StudentSystem.Data", "P01_StudentSystem.Data\P01_StudentSystem.Data.csproj", "{BA763B02-890B-42AF-930F-A90CEFCC7C38}"
EndProject
Project("{FAE04EC0-301F-11D3-BF4B-00C04F79EFBC}") = "P01_StudentSystem.Data.Models", "P01_StudentSystem.Data.Models\P01_StudentSystem.Data.Models.csproj", "{0D096C7A-21EF-40C8-A832-2C589DFBD3C6}"
EndProject
Global
	GlobalSection(SolutionConfigurationPlatforms) = preSolution
		Debug|Any CPU = Debug|Any CPU
		Release|Any CPU = Release|Any CPU
	EndGlobalSection
	GlobalSection(ProjectConfigurationPlatforms) = postSolution
		{5459E316-D609-43C4-900C-F269966693A1}.Debug|Any CPU.ActiveCfg = Debug|Any CPU
		{5459E316-D609-43C4-900C-F269966693A1}.Debug|Any CPU.Build.0 = Debug|Any CPU
		{5459E316-D609-43C4-900C-F269966693A1}.Release|Any CPU.ActiveCfg = Release|Any CPU
		{5459E316-D609-43C4-900C-F269966693A1}.Release|Any CPU.Build.0 = Release|Any CPU
		{BA763B02-890B-42AF-930F-A90CEFCC7C38}.Debug|Any CPU.ActiveCfg = Debug|Any CPU
		{BA763B02-890B-42AF-930F-A90CEFCC7C38}.Debug|Any CPU.Build.0 = Debug|Any CPU
		{BA763B02-890B-42AF-930F-A90CEFCC7C38}.Release|Any CPU.ActiveCfg = Release|Any CPU
		{BA763B02-890B-42AF-930F-A90CEFCC7C38}.Release|Any CPU.Build.0 = Release|Any CPU
		{0D096C7A-21EF-40C8-A832-2C589DFBD3C6}.Debug|Any CPU.ActiveCfg = Debug|Any CPU
		{0D096C7A-21EF-40C8-A832-2C589DFBD3C6}.Debug|Any CPU.Build.0 = Debug|Any CPU
		{0D096C7A-21EF-40C8-A832-2C589DFBD3C6}.Release|Any CPU.ActiveCfg = Release|Any CPU
		{0D096C7A-21EF-40C8-A832-2C589DFBD3C6}.Release|Any CPU.Build.0 = Release|Any CPU
	EndGlobalSection
	GlobalSection(SolutionProperties) = preSolution
		HideSolutionNode = FALSE
	EndGlobalSection
	GlobalSection(ExtensibilityGlobals) = postSolution
		SolutionGuid = {14BDB073-FFBF-404A-80DE-D2EED4E2D488}
	EndGlobalSection
EndGlobal
